
Microsoft Visual Studio Solution File, Format Version 12.00
# Visual Studio Version 16
VisualStudioVersion = 16.0.31729.503
MinimumVisualStudioVersion = 10.0.40219.1
Project("{FAE04EC0-301F-11D3-BF4B-00C04F79EFBC}") = "TweetConsoleApp", "TweetConsoleApp\TweetConsoleApp.csproj", "{FDF0AF75-F7AD-4E55-8A37-FAE5A53110A8}"
EndProject
Global
	GlobalSection(SolutionConfigurationPlatforms) = preSolution
		Debug|Any CPU = Debug|Any CPU
		Release|Any CPU = Release|Any CPU
	EndGlobalSection
	GlobalSection(ProjectConfigurationPlatforms) = postSolution
		{FDF0AF75-F7AD-4E55-8A37-FAE5A53110A8}.Debug|Any CPU.ActiveCfg = Debug|Any CPU
		{FDF0AF75-F7AD-4E55-8A37-FAE5A53110A8}.Debug|Any CPU.Build.0 = Debug|Any CPU
		{FDF0AF75-F7AD-4E55-8A37-FAE5A53110A8}.Release|Any CPU.ActiveCfg = Release|Any CPU
		{FDF0AF75-F7AD-4E55-8A37-FAE5A53110A8}.Release|Any CPU.Build.0 = Release|Any CPU
	EndGlobalSection
	GlobalSection(SolutionProperties) = preSolution
		HideSolutionNode = FALSE
	EndGlobalSection
	GlobalSection(ExtensibilityGlobals) = postSolution
		SolutionGuid = {295A4F07-8490-45D5-AE86-0E7F5095530A}
	EndGlobalSection
EndGlobal
