
Microsoft Visual Studio Solution File, Format Version 12.00
# Visual Studio Version 16
VisualStudioVersion = 16.0.31515.178
MinimumVisualStudioVersion = 10.0.40219.1
Project("{FAE04EC0-301F-11D3-BF4B-00C04F79EFBC}") = "tweetapp", "tweetapp.csproj", "{A3F25F12-B182-4B83-890B-7D9A661403AD}"
EndProject
Global
	GlobalSection(SolutionConfigurationPlatforms) = preSolution
		Debug|Any CPU = Debug|Any CPU
		Release|Any CPU = Release|Any CPU
	EndGlobalSection
	GlobalSection(ProjectConfigurationPlatforms) = postSolution
		{A3F25F12-B182-4B83-890B-7D9A661403AD}.Debug|Any CPU.ActiveCfg = Debug|Any CPU
		{A3F25F12-B182-4B83-890B-7D9A661403AD}.Debug|Any CPU.Build.0 = Debug|Any CPU
		{A3F25F12-B182-4B83-890B-7D9A661403AD}.Release|Any CPU.ActiveCfg = Release|Any CPU
		{A3F25F12-B182-4B83-890B-7D9A661403AD}.Release|Any CPU.Build.0 = Release|Any CPU
	EndGlobalSection
	GlobalSection(SolutionProperties) = preSolution
		HideSolutionNode = FALSE
	EndGlobalSection
	GlobalSection(ExtensibilityGlobals) = postSolution
		SolutionGuid = {696F7E03-D8E4-4185-8C91-89B17BB648B3}
	EndGlobalSection
EndGlobal
